
Microsoft Visual Studio Solution File, Format Version 12.00
# Visual Studio Version 17
VisualStudioVersion = 17.3.32901.215
MinimumVisualStudioVersion = 10.0.40219.1
Project("{FAE04EC0-301F-11D3-BF4B-00C04F79EFBC}") = "Test inlämningsuppgift csharp", "Test inlämningsuppgift csharp\Test inlämningsuppgift csharp.csproj", "{7541C816-63FD-4685-BF9D-65AA08F73919}"
EndProject
Global
	GlobalSection(SolutionConfigurationPlatforms) = preSolution
		Debug|Any CPU = Debug|Any CPU
		Release|Any CPU = Release|Any CPU
	EndGlobalSection
	GlobalSection(ProjectConfigurationPlatforms) = postSolution
		{7541C816-63FD-4685-BF9D-65AA08F73919}.Debug|Any CPU.ActiveCfg = Debug|Any CPU
		{7541C816-63FD-4685-BF9D-65AA08F73919}.Debug|Any CPU.Build.0 = Debug|Any CPU
		{7541C816-63FD-4685-BF9D-65AA08F73919}.Release|Any CPU.ActiveCfg = Release|Any CPU
		{7541C816-63FD-4685-BF9D-65AA08F73919}.Release|Any CPU.Build.0 = Release|Any CPU
	EndGlobalSection
	GlobalSection(SolutionProperties) = preSolution
		HideSolutionNode = FALSE
	EndGlobalSection
	GlobalSection(ExtensibilityGlobals) = postSolution
		SolutionGuid = {757455FC-7E36-47A2-BCBB-533DB2B8152A}
	EndGlobalSection
EndGlobal
